
Microsoft Visual Studio Solution File, Format Version 12.00
# Visual Studio Version 17
VisualStudioVersion = 17.5.33516.290
MinimumVisualStudioVersion = 10.0.40219.1
Project("{FAE04EC0-301F-11D3-BF4B-00C04F79EFBC}") = "WebApplication5", "WebApplication5\WebApplication5.csproj", "{C7943D21-B4B9-4FE4-8669-56D24DA1A747}"
EndProject
Project("{FAE04EC0-301F-11D3-BF4B-00C04F79EFBC}") = "Empresa", "Empresa\Empresa.csproj", "{E730B0AF-7D15-4129-A5BF-E5F04C2EB60A}"
EndProject
Global
	GlobalSection(SolutionConfigurationPlatforms) = preSolution
		Debug|Any CPU = Debug|Any CPU
		Release|Any CPU = Release|Any CPU
	EndGlobalSection
	GlobalSection(ProjectConfigurationPlatforms) = postSolution
		{C7943D21-B4B9-4FE4-8669-56D24DA1A747}.Debug|Any CPU.ActiveCfg = Debug|Any CPU
		{C7943D21-B4B9-4FE4-8669-56D24DA1A747}.Debug|Any CPU.Build.0 = Debug|Any CPU
		{C7943D21-B4B9-4FE4-8669-56D24DA1A747}.Release|Any CPU.ActiveCfg = Release|Any CPU
		{C7943D21-B4B9-4FE4-8669-56D24DA1A747}.Release|Any CPU.Build.0 = Release|Any CPU
		{E730B0AF-7D15-4129-A5BF-E5F04C2EB60A}.Debug|Any CPU.ActiveCfg = Debug|Any CPU
		{E730B0AF-7D15-4129-A5BF-E5F04C2EB60A}.Debug|Any CPU.Build.0 = Debug|Any CPU
		{E730B0AF-7D15-4129-A5BF-E5F04C2EB60A}.Release|Any CPU.ActiveCfg = Release|Any CPU
		{E730B0AF-7D15-4129-A5BF-E5F04C2EB60A}.Release|Any CPU.Build.0 = Release|Any CPU
	EndGlobalSection
	GlobalSection(SolutionProperties) = preSolution
		HideSolutionNode = FALSE
	EndGlobalSection
	GlobalSection(ExtensibilityGlobals) = postSolution
		SolutionGuid = {FF2ECDCC-BAAB-440D-9F23-1387A01C8F94}
	EndGlobalSection
EndGlobal
