
Microsoft Visual Studio Solution File, Format Version 12.00
# Visual Studio Version 17
VisualStudioVersion = 17.5.33530.505
MinimumVisualStudioVersion = 10.0.40219.1
Project("{FAE04EC0-301F-11D3-BF4B-00C04F79EFBC}") = "SingletonPattern", "SingletonPattern\SingletonPattern.csproj", "{23510297-FABD-4C06-8957-7356C3FD3440}"
EndProject
Project("{FAE04EC0-301F-11D3-BF4B-00C04F79EFBC}") = "Tools", "Tools\Tools.csproj", "{588E2EAA-539A-431F-8CB2-50A38F660B3F}"
EndProject
Global
	GlobalSection(SolutionConfigurationPlatforms) = preSolution
		Debug|Any CPU = Debug|Any CPU
		Release|Any CPU = Release|Any CPU
	EndGlobalSection
	GlobalSection(ProjectConfigurationPlatforms) = postSolution
		{23510297-FABD-4C06-8957-7356C3FD3440}.Debug|Any CPU.ActiveCfg = Debug|Any CPU
		{23510297-FABD-4C06-8957-7356C3FD3440}.Debug|Any CPU.Build.0 = Debug|Any CPU
		{23510297-FABD-4C06-8957-7356C3FD3440}.Release|Any CPU.ActiveCfg = Release|Any CPU
		{23510297-FABD-4C06-8957-7356C3FD3440}.Release|Any CPU.Build.0 = Release|Any CPU
		{588E2EAA-539A-431F-8CB2-50A38F660B3F}.Debug|Any CPU.ActiveCfg = Debug|Any CPU
		{588E2EAA-539A-431F-8CB2-50A38F660B3F}.Debug|Any CPU.Build.0 = Debug|Any CPU
		{588E2EAA-539A-431F-8CB2-50A38F660B3F}.Release|Any CPU.ActiveCfg = Release|Any CPU
		{588E2EAA-539A-431F-8CB2-50A38F660B3F}.Release|Any CPU.Build.0 = Release|Any CPU
	EndGlobalSection
	GlobalSection(SolutionProperties) = preSolution
		HideSolutionNode = FALSE
	EndGlobalSection
	GlobalSection(ExtensibilityGlobals) = postSolution
		SolutionGuid = {38A38B2A-AD5C-4D9C-8BDF-9B1CC959643C}
	EndGlobalSection
EndGlobal
